
Microsoft Visual Studio Solution File, Format Version 12.00
# Visual Studio Version 17
VisualStudioVersion = 17.6.33801.468
MinimumVisualStudioVersion = 10.0.40219.1
Project("{9A19103F-16F7-4668-BE54-9A1E7A4F7556}") = "Minio.Converter.ConsoleAppl", "Minio.Converter.ConsoleAppl.csproj", "{05F0575B-B514-469A-9682-6F2078E9FCF2}"
EndProject
Project("{9A19103F-16F7-4668-BE54-9A1E7A4F7556}") = "Kiuss.Models", "..\Kiuss.Models\Kiuss.Models.csproj", "{FF1E36D8-1D73-4AE1-BE95-CDB46FA2C6F6}"
EndProject
Project("{FAE04EC0-301F-11D3-BF4B-00C04F79EFBC}") = "Kpsirs.Models.New", "..\Kpsirs.Models.New\Kpsirs.Models.New.csproj", "{4BCFBCD6-81C9-443C-A3D6-BC0B6F7890AE}"
EndProject
Global
	GlobalSection(SolutionConfigurationPlatforms) = preSolution
		Debug|Any CPU = Debug|Any CPU
		Release|Any CPU = Release|Any CPU
	EndGlobalSection
	GlobalSection(ProjectConfigurationPlatforms) = postSolution
		{05F0575B-B514-469A-9682-6F2078E9FCF2}.Debug|Any CPU.ActiveCfg = Debug|Any CPU
		{05F0575B-B514-469A-9682-6F2078E9FCF2}.Debug|Any CPU.Build.0 = Debug|Any CPU
		{05F0575B-B514-469A-9682-6F2078E9FCF2}.Release|Any CPU.ActiveCfg = Release|Any CPU
		{05F0575B-B514-469A-9682-6F2078E9FCF2}.Release|Any CPU.Build.0 = Release|Any CPU
		{FF1E36D8-1D73-4AE1-BE95-CDB46FA2C6F6}.Debug|Any CPU.ActiveCfg = Debug|Any CPU
		{FF1E36D8-1D73-4AE1-BE95-CDB46FA2C6F6}.Debug|Any CPU.Build.0 = Debug|Any CPU
		{FF1E36D8-1D73-4AE1-BE95-CDB46FA2C6F6}.Release|Any CPU.ActiveCfg = Release|Any CPU
		{FF1E36D8-1D73-4AE1-BE95-CDB46FA2C6F6}.Release|Any CPU.Build.0 = Release|Any CPU
		{4BCFBCD6-81C9-443C-A3D6-BC0B6F7890AE}.Debug|Any CPU.ActiveCfg = Debug|Any CPU
		{4BCFBCD6-81C9-443C-A3D6-BC0B6F7890AE}.Debug|Any CPU.Build.0 = Debug|Any CPU
		{4BCFBCD6-81C9-443C-A3D6-BC0B6F7890AE}.Release|Any CPU.ActiveCfg = Release|Any CPU
		{4BCFBCD6-81C9-443C-A3D6-BC0B6F7890AE}.Release|Any CPU.Build.0 = Release|Any CPU
	EndGlobalSection
	GlobalSection(SolutionProperties) = preSolution
		HideSolutionNode = FALSE
	EndGlobalSection
	GlobalSection(ExtensibilityGlobals) = postSolution
		SolutionGuid = {B0F0FCB2-7F57-4D51-9597-E7E759355B9A}
	EndGlobalSection
EndGlobal
